
Microsoft Visual Studio Solution File, Format Version 12.00
# Visual Studio 14
VisualStudioVersion = 14.0.25420.1
MinimumVisualStudioVersion = 10.0.40219.1
Project("{A0786B88-2ADB-4C21-ABE8-AA2D79766269}") = "info.falkenbann.guildman", "info.falkenbann.guildman.phpproj", "{C57FE3BB-49BE-42FB-A9E0-F44827EA1F7D}"
EndProject
Project("{A0786B88-2ADB-4C21-ABE8-AA2D79766269}") = "Woltlab Suite Core", "..\..\Libs\wsc\Woltlab Suite Core.phpproj", "{6BA67479-4140-4699-AA6A-EDD0C30DFA7D}"
EndProject
Project("{A0786B88-2ADB-4C21-ABE8-AA2D79766269}") = "Woltlab Suite Board", "..\..\Libs\WBB3_0x\Woltlab Suite Board.phpproj", "{F6A07864-C39A-4030-8F0F-03E4D036E89E}"
EndProject
Project("{A0786B88-2ADB-4C21-ABE8-AA2D79766269}") = "moderatedUserGroups", "..\..\Libs\moderatedUserGroups\moderatedUserGroups.phpproj", "{2C18F6CA-5E4B-4BD2-8D39-A09C8FB3BFC4}"
EndProject
Project("{A0786B88-2ADB-4C21-ABE8-AA2D79766269}") = "woltlabCalendar", "..\..\Libs\woltlabCalendar\woltlabCalendar.phpproj", "{2E00EE22-0410-4EF0-A3DF-CD568FA2498D}"
EndProject
Global
	GlobalSection(SolutionConfigurationPlatforms) = preSolution
		Debug|Any CPU = Debug|Any CPU
		Release|Any CPU = Release|Any CPU
	EndGlobalSection
	GlobalSection(ProjectConfigurationPlatforms) = postSolution
		{C57FE3BB-49BE-42FB-A9E0-F44827EA1F7D}.Debug|Any CPU.ActiveCfg = Debug|Any CPU
		{C57FE3BB-49BE-42FB-A9E0-F44827EA1F7D}.Release|Any CPU.ActiveCfg = Release|Any CPU
		{6BA67479-4140-4699-AA6A-EDD0C30DFA7D}.Debug|Any CPU.ActiveCfg = Debug|Any CPU
		{6BA67479-4140-4699-AA6A-EDD0C30DFA7D}.Release|Any CPU.ActiveCfg = Release|Any CPU
		{F6A07864-C39A-4030-8F0F-03E4D036E89E}.Debug|Any CPU.ActiveCfg = Debug|Any CPU
		{F6A07864-C39A-4030-8F0F-03E4D036E89E}.Release|Any CPU.ActiveCfg = Release|Any CPU
		{2C18F6CA-5E4B-4BD2-8D39-A09C8FB3BFC4}.Debug|Any CPU.ActiveCfg = Debug|Any CPU
		{2C18F6CA-5E4B-4BD2-8D39-A09C8FB3BFC4}.Release|Any CPU.ActiveCfg = Release|Any CPU
		{2E00EE22-0410-4EF0-A3DF-CD568FA2498D}.Debug|Any CPU.ActiveCfg = Debug|Any CPU
		{2E00EE22-0410-4EF0-A3DF-CD568FA2498D}.Release|Any CPU.ActiveCfg = Release|Any CPU
	EndGlobalSection
	GlobalSection(SolutionProperties) = preSolution
		HideSolutionNode = FALSE
	EndGlobalSection
EndGlobal
